{
  "name": "test-app",
  "version": "1.0.0",
  "lockfileVersion": 2,
  "requires": true,
  "packages": {
    "": {
      "name": "test-app",
      "version": "1.0.0",
      "license": "ISC",
      "dependencies": {
        "@violacaroline/wizard": "^1.0.1",
        "readline-sync": "^1.4.10"
      }
    },
    "node_modules/@violacaroline/wizard": {
      "version": "1.0.3",
      "resolved": "https://registry.npmjs.org/@violacaroline/wizard/-/wizard-1.0.3.tgz",
      "integrity": "sha512-8pjpFyczK2uQG3YQTuZugKNkMR000K3v5e2Ksxsu04NI3aXAF+qcpmzfm00UQD566C5qElMZToeDv0Zm/psERQ=="
    },
    "node_modules/readline-sync": {
      "version": "1.4.10",
      "resolved": "https://registry.npmjs.org/readline-sync/-/readline-sync-1.4.10.tgz",
      "integrity": "sha512-gNva8/6UAe8QYepIQH/jQ2qn91Qj0B9sYjMBBs3QOB8F2CXcKgLxQaJRP76sWVRQt+QU+8fAkCbCvjjMFu7Ycw==",
      "engines": {
        "node": ">= 0.8.0"
      }
    }
  },
  "dependencies": {
    "@violacaroline/wizard": {
      "version": "1.0.3",
      "resolved": "https://registry.npmjs.org/@violacaroline/wizard/-/wizard-1.0.3.tgz",
      "integrity": "sha512-8pjpFyczK2uQG3YQTuZugKNkMR000K3v5e2Ksxsu04NI3aXAF+qcpmzfm00UQD566C5qElMZToeDv0Zm/psERQ=="
    },
    "readline-sync": {
      "version": "1.4.10",
      "resolved": "https://registry.npmjs.org/readline-sync/-/readline-sync-1.4.10.tgz",
      "integrity": "sha512-gNva8/6UAe8QYepIQH/jQ2qn91Qj0B9sYjMBBs3QOB8F2CXcKgLxQaJRP76sWVRQt+QU+8fAkCbCvjjMFu7Ycw=="
    }
  }
}
