{
  "name": "test-app",
  "version": "1.0.0",
  "lockfileVersion": 2,
  "requires": true,
  "packages": {
    "": {
      "name": "test-app",
      "version": "1.0.0",
      "license": "ISC",
      "dependencies": {
        "@violacaroline/wizard": "^1.0.1"
      }
    },
    "node_modules/@violacaroline/wizard": {
      "version": "1.0.1",
      "resolved": "https://registry.npmjs.org/@violacaroline/wizard/-/wizard-1.0.1.tgz",
      "integrity": "sha512-Fj/o/Hel/qr1ammglXtMLWM0kKFjBsTbtj65C6uydyjxOGAwuycN+Ps7FHqSkn0WsErRcQO0aLwL/hCa+Rb2Jg=="
    }
  },
  "dependencies": {
    "@violacaroline/wizard": {
      "version": "1.0.1",
      "resolved": "https://registry.npmjs.org/@violacaroline/wizard/-/wizard-1.0.1.tgz",
      "integrity": "sha512-Fj/o/Hel/qr1ammglXtMLWM0kKFjBsTbtj65C6uydyjxOGAwuycN+Ps7FHqSkn0WsErRcQO0aLwL/hCa+Rb2Jg=="
    }
  }
}
